
Microsoft Visual Studio Solution File, Format Version 12.00
# Visual Studio Version 16
VisualStudioVersion = 16.0.30907.101
MinimumVisualStudioVersion = 10.0.40219.1
Project("{FAE04EC0-301F-11D3-BF4B-00C04F79EFBC}") = "OOP1", "OOP1\OOP1.csproj", "{53A190B3-F7CB-4B3D-ACBB-BEE5A60D954D}"
EndProject
Project("{FAE04EC0-301F-11D3-BF4B-00C04F79EFBC}") = "Collections", "Collections\Collections.csproj", "{57E89B9F-54B4-4F98-ABF8-7318B1CA8386}"
EndProject
Project("{FAE04EC0-301F-11D3-BF4B-00C04F79EFBC}") = "GenericsIntro", "GenericsIntro\GenericsIntro.csproj", "{E8578FDF-662B-4A81-85AB-1E649FD8AB7A}"
EndProject
Global
	GlobalSection(SolutionConfigurationPlatforms) = preSolution
		Debug|Any CPU = Debug|Any CPU
		Release|Any CPU = Release|Any CPU
	EndGlobalSection
	GlobalSection(ProjectConfigurationPlatforms) = postSolution
		{53A190B3-F7CB-4B3D-ACBB-BEE5A60D954D}.Debug|Any CPU.ActiveCfg = Debug|Any CPU
		{53A190B3-F7CB-4B3D-ACBB-BEE5A60D954D}.Debug|Any CPU.Build.0 = Debug|Any CPU
		{53A190B3-F7CB-4B3D-ACBB-BEE5A60D954D}.Release|Any CPU.ActiveCfg = Release|Any CPU
		{53A190B3-F7CB-4B3D-ACBB-BEE5A60D954D}.Release|Any CPU.Build.0 = Release|Any CPU
		{57E89B9F-54B4-4F98-ABF8-7318B1CA8386}.Debug|Any CPU.ActiveCfg = Debug|Any CPU
		{57E89B9F-54B4-4F98-ABF8-7318B1CA8386}.Debug|Any CPU.Build.0 = Debug|Any CPU
		{57E89B9F-54B4-4F98-ABF8-7318B1CA8386}.Release|Any CPU.ActiveCfg = Release|Any CPU
		{57E89B9F-54B4-4F98-ABF8-7318B1CA8386}.Release|Any CPU.Build.0 = Release|Any CPU
		{E8578FDF-662B-4A81-85AB-1E649FD8AB7A}.Debug|Any CPU.ActiveCfg = Debug|Any CPU
		{E8578FDF-662B-4A81-85AB-1E649FD8AB7A}.Debug|Any CPU.Build.0 = Debug|Any CPU
		{E8578FDF-662B-4A81-85AB-1E649FD8AB7A}.Release|Any CPU.ActiveCfg = Release|Any CPU
		{E8578FDF-662B-4A81-85AB-1E649FD8AB7A}.Release|Any CPU.Build.0 = Release|Any CPU
	EndGlobalSection
	GlobalSection(SolutionProperties) = preSolution
		HideSolutionNode = FALSE
	EndGlobalSection
	GlobalSection(ExtensibilityGlobals) = postSolution
		SolutionGuid = {63DA478A-9753-4941-8B15-24AE6D9C43C8}
	EndGlobalSection
EndGlobal
